
Microsoft Visual Studio Solution File, Format Version 12.00
# Visual Studio Version 17
VisualStudioVersion = 17.4.33122.133
MinimumVisualStudioVersion = 10.0.40219.1
Project("{FAE04EC0-301F-11D3-BF4B-00C04F79EFBC}") = "fbb", "fbb\fbb.csproj", "{D19027C0-A57A-40EE-8D01-D5FDBA7630EC}"
EndProject
Global
	GlobalSection(SolutionConfigurationPlatforms) = preSolution
		Debug|Any CPU = Debug|Any CPU
		Release|Any CPU = Release|Any CPU
	EndGlobalSection
	GlobalSection(ProjectConfigurationPlatforms) = postSolution
		{D19027C0-A57A-40EE-8D01-D5FDBA7630EC}.Debug|Any CPU.ActiveCfg = Debug|Any CPU
		{D19027C0-A57A-40EE-8D01-D5FDBA7630EC}.Debug|Any CPU.Build.0 = Debug|Any CPU
		{D19027C0-A57A-40EE-8D01-D5FDBA7630EC}.Release|Any CPU.ActiveCfg = Release|Any CPU
		{D19027C0-A57A-40EE-8D01-D5FDBA7630EC}.Release|Any CPU.Build.0 = Release|Any CPU
	EndGlobalSection
	GlobalSection(SolutionProperties) = preSolution
		HideSolutionNode = FALSE
	EndGlobalSection
	GlobalSection(ExtensibilityGlobals) = postSolution
		SolutionGuid = {34E94F6D-668B-4B9B-A9F3-D78AABA5E92C}
	EndGlobalSection
EndGlobal
